// !$*UTF8*$!
{
	archiveVersion = 1;
	classes = {
	};
	objectVersion = 50;
	objects = {

/* Begin PBXBuildFile section */
		013F629C4EA365638C7794C4 /* Pods_WBooks_WBooksUITests.framework in Frameworks */ = {isa = PBXBuildFile; fileRef = C73FD6DADE99D423257B66A0 /* Pods_WBooks_WBooksUITests.framework */; };
		B78175C42636113700CED79D /* AppDelegate.swift in Sources */ = {isa = PBXBuildFile; fileRef = B78175C32636113700CED79D /* AppDelegate.swift */; };
		B78175C62636113700CED79D /* SceneDelegate.swift in Sources */ = {isa = PBXBuildFile; fileRef = B78175C52636113700CED79D /* SceneDelegate.swift */; };
		B78175C82636113700CED79D /* ViewController.swift in Sources */ = {isa = PBXBuildFile; fileRef = B78175C72636113700CED79D /* ViewController.swift */; };
		B78175CB2636113700CED79D /* Main.storyboard in Resources */ = {isa = PBXBuildFile; fileRef = B78175C92636113700CED79D /* Main.storyboard */; };
		B78175CD2636113B00CED79D /* Assets.xcassets in Resources */ = {isa = PBXBuildFile; fileRef = B78175CC2636113B00CED79D /* Assets.xcassets */; };
		B78175D02636113B00CED79D /* LaunchScreen.storyboard in Resources */ = {isa = PBXBuildFile; fileRef = B78175CE2636113B00CED79D /* LaunchScreen.storyboard */; };
		B78175DB2636113B00CED79D /* WBooksTests.swift in Sources */ = {isa = PBXBuildFile; fileRef = B78175DA2636113B00CED79D /* WBooksTests.swift */; };
		B78175E62636113B00CED79D /* WBooksUITests.swift in Sources */ = {isa = PBXBuildFile; fileRef = B78175E52636113B00CED79D /* WBooksUITests.swift */; };
		BF69F11F7677CD1075603A5F /* Pods_WBooks.framework in Frameworks */ = {isa = PBXBuildFile; fileRef = 7D706F666680AE87ADEE993C /* Pods_WBooks.framework */; };
		CF3BEAE24D96D92FD4F03921 /* Pods_WBooksTests.framework in Frameworks */ = {isa = PBXBuildFile; fileRef = 9A195ED6BEAFF6D3E125DD7D /* Pods_WBooksTests.framework */; };
/* End PBXBuildFile section */

/* Begin PBXContainerItemProxy section */
		B78175D72636113B00CED79D /* PBXContainerItemProxy */ = {
			isa = PBXContainerItemProxy;
			containerPortal = B78175B82636113700CED79D /* Project object */;
			proxyType = 1;
			remoteGlobalIDString = B78175BF2636113700CED79D;
			remoteInfo = WBooks;
		};
		B78175E22636113B00CED79D /* PBXContainerItemProxy */ = {
			isa = PBXContainerItemProxy;
			containerPortal = B78175B82636113700CED79D /* Project object */;
			proxyType = 1;
			remoteGlobalIDString = B78175BF2636113700CED79D;
			remoteInfo = WBooks;
		};
/* End PBXContainerItemProxy section */

/* Begin PBXFileReference section */
		1210FFE53437F6B7B4ED43E5 /* Pods-WBooksTests.release.xcconfig */ = {isa = PBXFileReference; includeInIndex = 1; lastKnownFileType = text.xcconfig; name = "Pods-WBooksTests.release.xcconfig"; path = "Target Support Files/Pods-WBooksTests/Pods-WBooksTests.release.xcconfig"; sourceTree = "<group>"; };
		4E96AE1253227A2E9358E1CC /* Pods-WBooksTests.debug.xcconfig */ = {isa = PBXFileReference; includeInIndex = 1; lastKnownFileType = text.xcconfig; name = "Pods-WBooksTests.debug.xcconfig"; path = "Target Support Files/Pods-WBooksTests/Pods-WBooksTests.debug.xcconfig"; sourceTree = "<group>"; };
		54EEECBF86134D67A3D006CD /* Pods-WBooks-WBooksUITests.release.xcconfig */ = {isa = PBXFileReference; includeInIndex = 1; lastKnownFileType = text.xcconfig; name = "Pods-WBooks-WBooksUITests.release.xcconfig"; path = "Target Support Files/Pods-WBooks-WBooksUITests/Pods-WBooks-WBooksUITests.release.xcconfig"; sourceTree = "<group>"; };
		6175FD3437C7FBB1C7F8E031 /* Pods-WBooks.debug.xcconfig */ = {isa = PBXFileReference; includeInIndex = 1; lastKnownFileType = text.xcconfig; name = "Pods-WBooks.debug.xcconfig"; path = "Target Support Files/Pods-WBooks/Pods-WBooks.debug.xcconfig"; sourceTree = "<group>"; };
		63DDB7210C4F487F0CF986FC /* Pods-WBooks.release.xcconfig */ = {isa = PBXFileReference; includeInIndex = 1; lastKnownFileType = text.xcconfig; name = "Pods-WBooks.release.xcconfig"; path = "Target Support Files/Pods-WBooks/Pods-WBooks.release.xcconfig"; sourceTree = "<group>"; };
		7D706F666680AE87ADEE993C /* Pods_WBooks.framework */ = {isa = PBXFileReference; explicitFileType = wrapper.framework; includeInIndex = 0; path = Pods_WBooks.framework; sourceTree = BUILT_PRODUCTS_DIR; };
		9A195ED6BEAFF6D3E125DD7D /* Pods_WBooksTests.framework */ = {isa = PBXFileReference; explicitFileType = wrapper.framework; includeInIndex = 0; path = Pods_WBooksTests.framework; sourceTree = BUILT_PRODUCTS_DIR; };
		B78175C02636113700CED79D /* WBooks.app */ = {isa = PBXFileReference; explicitFileType = wrapper.application; includeInIndex = 0; path = WBooks.app; sourceTree = BUILT_PRODUCTS_DIR; };
		B78175C32636113700CED79D /* AppDelegate.swift */ = {isa = PBXFileReference; lastKnownFileType = sourcecode.swift; path = AppDelegate.swift; sourceTree = "<group>"; };
		B78175C52636113700CED79D /* SceneDelegate.swift */ = {isa = PBXFileReference; lastKnownFileType = sourcecode.swift; path = SceneDelegate.swift; sourceTree = "<group>"; };
		B78175C72636113700CED79D /* ViewController.swift */ = {isa = PBXFileReference; lastKnownFileType = sourcecode.swift; path = ViewController.swift; sourceTree = "<group>"; };
		B78175CA2636113700CED79D /* Base */ = {isa = PBXFileReference; lastKnownFileType = file.storyboard; name = Base; path = Base.lproj/Main.storyboard; sourceTree = "<group>"; };
		B78175CC2636113B00CED79D /* Assets.xcassets */ = {isa = PBXFileReference; lastKnownFileType = folder.assetcatalog; path = Assets.xcassets; sourceTree = "<group>"; };
		B78175CF2636113B00CED79D /* Base */ = {isa = PBXFileReference; lastKnownFileType = file.storyboard; name = Base; path = Base.lproj/LaunchScreen.storyboard; sourceTree = "<group>"; };
		B78175D12636113B00CED79D /* Info.plist */ = {isa = PBXFileReference; lastKnownFileType = text.plist.xml; path = Info.plist; sourceTree = "<group>"; };
		B78175D62636113B00CED79D /* WBooksTests.xctest */ = {isa = PBXFileReference; explicitFileType = wrapper.cfbundle; includeInIndex = 0; path = WBooksTests.xctest; sourceTree = BUILT_PRODUCTS_DIR; };
		B78175DA2636113B00CED79D /* WBooksTests.swift */ = {isa = PBXFileReference; lastKnownFileType = sourcecode.swift; path = WBooksTests.swift; sourceTree = "<group>"; };
		B78175DC2636113B00CED79D /* Info.plist */ = {isa = PBXFileReference; lastKnownFileType = text.plist.xml; path = Info.plist; sourceTree = "<group>"; };
		B78175E12636113B00CED79D /* WBooksUITests.xctest */ = {isa = PBXFileReference; explicitFileType = wrapper.cfbundle; includeInIndex = 0; path = WBooksUITests.xctest; sourceTree = BUILT_PRODUCTS_DIR; };
		B78175E52636113B00CED79D /* WBooksUITests.swift */ = {isa = PBXFileReference; lastKnownFileType = sourcecode.swift; path = WBooksUITests.swift; sourceTree = "<group>"; };
		B78175E72636113B00CED79D /* Info.plist */ = {isa = PBXFileReference; lastKnownFileType = text.plist.xml; path = Info.plist; sourceTree = "<group>"; };
		C73FD6DADE99D423257B66A0 /* Pods_WBooks_WBooksUITests.framework */ = {isa = PBXFileReference; explicitFileType = wrapper.framework; includeInIndex = 0; path = Pods_WBooks_WBooksUITests.framework; sourceTree = BUILT_PRODUCTS_DIR; };
		C9546D96B26F7C2CA805A228 /* Pods-WBooks-WBooksUITests.debug.xcconfig */ = {isa = PBXFileReference; includeInIndex = 1; lastKnownFileType = text.xcconfig; name = "Pods-WBooks-WBooksUITests.debug.xcconfig"; path = "Target Support Files/Pods-WBooks-WBooksUITests/Pods-WBooks-WBooksUITests.debug.xcconfig"; sourceTree = "<group>"; };
/* End PBXFileReference section */

/* Begin PBXFrameworksBuildPhase section */
		B78175BD2636113700CED79D /* Frameworks */ = {
			isa = PBXFrameworksBuildPhase;
			buildActionMask = 2147483647;
			files = (
				BF69F11F7677CD1075603A5F /* Pods_WBooks.framework in Frameworks */,
			);
			runOnlyForDeploymentPostprocessing = 0;
		};
		B78175D32636113B00CED79D /* Frameworks */ = {
			isa = PBXFrameworksBuildPhase;
			buildActionMask = 2147483647;
			files = (
				CF3BEAE24D96D92FD4F03921 /* Pods_WBooksTests.framework in Frameworks */,
			);
			runOnlyForDeploymentPostprocessing = 0;
		};
		B78175DE2636113B00CED79D /* Frameworks */ = {
			isa = PBXFrameworksBuildPhase;
			buildActionMask = 2147483647;
			files = (
				013F629C4EA365638C7794C4 /* Pods_WBooks_WBooksUITests.framework in Frameworks */,
			);
			runOnlyForDeploymentPostprocessing = 0;
		};
/* End PBXFrameworksBuildPhase section */

/* Begin PBXGroup section */
		A59662C88D39639CE617734A /* Frameworks */ = {
			isa = PBXGroup;
			children = (
				7D706F666680AE87ADEE993C /* Pods_WBooks.framework */,
				C73FD6DADE99D423257B66A0 /* Pods_WBooks_WBooksUITests.framework */,
				9A195ED6BEAFF6D3E125DD7D /* Pods_WBooksTests.framework */,
			);
			name = Frameworks;
			sourceTree = "<group>";
		};
		AAC8E234F47863503CFAE4F7 /* Pods */ = {
			isa = PBXGroup;
			children = (
				6175FD3437C7FBB1C7F8E031 /* Pods-WBooks.debug.xcconfig */,
				63DDB7210C4F487F0CF986FC /* Pods-WBooks.release.xcconfig */,
				C9546D96B26F7C2CA805A228 /* Pods-WBooks-WBooksUITests.debug.xcconfig */,
				54EEECBF86134D67A3D006CD /* Pods-WBooks-WBooksUITests.release.xcconfig */,
				4E96AE1253227A2E9358E1CC /* Pods-WBooksTests.debug.xcconfig */,
				1210FFE53437F6B7B4ED43E5 /* Pods-WBooksTests.release.xcconfig */,
			);
			name = Pods;
			path = Pods;
			sourceTree = "<group>";
		};
		B78175B72636113700CED79D = {
			isa = PBXGroup;
			children = (
				B78175C22636113700CED79D /* WBooks */,
				B78175D92636113B00CED79D /* WBooksTests */,
				B78175E42636113B00CED79D /* WBooksUITests */,
				B78175C12636113700CED79D /* Products */,
				AAC8E234F47863503CFAE4F7 /* Pods */,
				A59662C88D39639CE617734A /* Frameworks */,
			);
			sourceTree = "<group>";
		};
		B78175C12636113700CED79D /* Products */ = {
			isa = PBXGroup;
			children = (
				B78175C02636113700CED79D /* WBooks.app */,
				B78175D62636113B00CED79D /* WBooksTests.xctest */,
				B78175E12636113B00CED79D /* WBooksUITests.xctest */,
			);
			name = Products;
			sourceTree = "<group>";
		};
		B78175C22636113700CED79D /* WBooks */ = {
			isa = PBXGroup;
			children = (
				B78175C32636113700CED79D /* AppDelegate.swift */,
				B78175C52636113700CED79D /* SceneDelegate.swift */,
				B78175C72636113700CED79D /* ViewController.swift */,
				B78175C92636113700CED79D /* Main.storyboard */,
				B78175CC2636113B00CED79D /* Assets.xcassets */,
				B78175CE2636113B00CED79D /* LaunchScreen.storyboard */,
				B78175D12636113B00CED79D /* Info.plist */,
			);
			path = WBooks;
			sourceTree = "<group>";
		};
		B78175D92636113B00CED79D /* WBooksTests */ = {
			isa = PBXGroup;
			children = (
				B78175DA2636113B00CED79D /* WBooksTests.swift */,
				B78175DC2636113B00CED79D /* Info.plist */,
			);
			path = WBooksTests;
			sourceTree = "<group>";
		};
		B78175E42636113B00CED79D /* WBooksUITests */ = {
			isa = PBXGroup;
			children = (
				B78175E52636113B00CED79D /* WBooksUITests.swift */,
				B78175E72636113B00CED79D /* Info.plist */,
			);
			path = WBooksUITests;
			sourceTree = "<group>";
		};
/* End PBXGroup section */

/* Begin PBXNativeTarget section */
		B78175BF2636113700CED79D /* WBooks */ = {
			isa = PBXNativeTarget;
			buildConfigurationList = B78175EA2636113B00CED79D /* Build configuration list for PBXNativeTarget "WBooks" */;
			buildPhases = (
				3F326478CA2333F81C1852DD /* [CP] Check Pods Manifest.lock */,
				B78175BC2636113700CED79D /* Sources */,
				B78175BD2636113700CED79D /* Frameworks */,
				B78175BE2636113700CED79D /* Resources */,
				B4C9488108286211B7CD17F6 /* [CP] Embed Pods Frameworks */,
			);
			buildRules = (
			);
			dependencies = (
			);
			name = WBooks;
			productName = WBooks;
			productReference = B78175C02636113700CED79D /* WBooks.app */;
			productType = "com.apple.product-type.application";
		};
		B78175D52636113B00CED79D /* WBooksTests */ = {
			isa = PBXNativeTarget;
			buildConfigurationList = B78175ED2636113B00CED79D /* Build configuration list for PBXNativeTarget "WBooksTests" */;
			buildPhases = (
				487D97DC81A62549C66ABA71 /* [CP] Check Pods Manifest.lock */,
				B78175D22636113B00CED79D /* Sources */,
				B78175D32636113B00CED79D /* Frameworks */,
				B78175D42636113B00CED79D /* Resources */,
			);
			buildRules = (
			);
			dependencies = (
				B78175D82636113B00CED79D /* PBXTargetDependency */,
			);
			name = WBooksTests;
			productName = WBooksTests;
			productReference = B78175D62636113B00CED79D /* WBooksTests.xctest */;
			productType = "com.apple.product-type.bundle.unit-test";
		};
		B78175E02636113B00CED79D /* WBooksUITests */ = {
			isa = PBXNativeTarget;
			buildConfigurationList = B78175F02636113B00CED79D /* Build configuration list for PBXNativeTarget "WBooksUITests" */;
			buildPhases = (
				1B91998CAD83482BFABE2E70 /* [CP] Check Pods Manifest.lock */,
				B78175DD2636113B00CED79D /* Sources */,
				B78175DE2636113B00CED79D /* Frameworks */,
				B78175DF2636113B00CED79D /* Resources */,
				B616A68070F466999505CEF2 /* [CP] Embed Pods Frameworks */,
			);
			buildRules = (
			);
			dependencies = (
				B78175E32636113B00CED79D /* PBXTargetDependency */,
			);
			name = WBooksUITests;
			productName = WBooksUITests;
			productReference = B78175E12636113B00CED79D /* WBooksUITests.xctest */;
			productType = "com.apple.product-type.bundle.ui-testing";
		};
/* End PBXNativeTarget section */

/* Begin PBXProject section */
		B78175B82636113700CED79D /* Project object */ = {
			isa = PBXProject;
			attributes = {
				LastSwiftUpdateCheck = 1210;
				LastUpgradeCheck = 1210;
				TargetAttributes = {
					B78175BF2636113700CED79D = {
						CreatedOnToolsVersion = 12.1;
					};
					B78175D52636113B00CED79D = {
						CreatedOnToolsVersion = 12.1;
						TestTargetID = B78175BF2636113700CED79D;
					};
					B78175E02636113B00CED79D = {
						CreatedOnToolsVersion = 12.1;
						TestTargetID = B78175BF2636113700CED79D;
					};
				};
			};
			buildConfigurationList = B78175BB2636113700CED79D /* Build configuration list for PBXProject "WBooks" */;
			compatibilityVersion = "Xcode 9.3";
			developmentRegion = en;
			hasScannedForEncodings = 0;
			knownRegions = (
				en,
				Base,
			);
			mainGroup = B78175B72636113700CED79D;
			productRefGroup = B78175C12636113700CED79D /* Products */;
			projectDirPath = "";
			projectRoot = "";
			targets = (
				B78175BF2636113700CED79D /* WBooks */,
				B78175D52636113B00CED79D /* WBooksTests */,
				B78175E02636113B00CED79D /* WBooksUITests */,
			);
		};
/* End PBXProject section */

/* Begin PBXResourcesBuildPhase section */
		B78175BE2636113700CED79D /* Resources */ = {
			isa = PBXResourcesBuildPhase;
			buildActionMask = 2147483647;
			files = (
				B78175D02636113B00CED79D /* LaunchScreen.storyboard in Resources */,
				B78175CD2636113B00CED79D /* Assets.xcassets in Resources */,
				B78175CB2636113700CED79D /* Main.storyboard in Resources */,
			);
			runOnlyForDeploymentPostprocessing = 0;
		};
		B78175D42636113B00CED79D /* Resources */ = {
			isa = PBXResourcesBuildPhase;
			buildActionMask = 2147483647;
			files = (
			);
			runOnlyForDeploymentPostprocessing = 0;
		};
		B78175DF2636113B00CED79D /* Resources */ = {
			isa = PBXResourcesBuildPhase;
			buildActionMask = 2147483647;
			files = (
			);
			runOnlyForDeploymentPostprocessing = 0;
		};
/* End PBXResourcesBuildPhase section */

/* Begin PBXShellScriptBuildPhase section */
		1B91998CAD83482BFABE2E70 /* [CP] Check Pods Manifest.lock */ = {
			isa = PBXShellScriptBuildPhase;
			buildActionMask = 2147483647;
			files = (
			);
			inputFileListPaths = (
			);
			inputPaths = (
				"${PODS_PODFILE_DIR_PATH}/Podfile.lock",
				"${PODS_ROOT}/Manifest.lock",
			);
			name = "[CP] Check Pods Manifest.lock";
			outputFileListPaths = (
			);
			outputPaths = (
				"$(DERIVED_FILE_DIR)/Pods-WBooks-WBooksUITests-checkManifestLockResult.txt",
			);
			runOnlyForDeploymentPostprocessing = 0;
			shellPath = /bin/sh;
			shellScript = "diff \"${PODS_PODFILE_DIR_PATH}/Podfile.lock\" \"${PODS_ROOT}/Manifest.lock\" > /dev/null\nif [ $? != 0 ] ; then\n    # print error to STDERR\n    echo \"error: The sandbox is not in sync with the Podfile.lock. Run 'pod install' or update your CocoaPods installation.\" >&2\n    exit 1\nfi\n# This output is used by Xcode 'outputs' to avoid re-running this script phase.\necho \"SUCCESS\" > \"${SCRIPT_OUTPUT_FILE_0}\"\n";
			showEnvVarsInLog = 0;
		};
		3F326478CA2333F81C1852DD /* [CP] Check Pods Manifest.lock */ = {
			isa = PBXShellScriptBuildPhase;
			buildActionMask = 2147483647;
			files = (
			);
			inputFileListPaths = (
			);
			inputPaths = (
				"${PODS_PODFILE_DIR_PATH}/Podfile.lock",
				"${PODS_ROOT}/Manifest.lock",
			);
			name = "[CP] Check Pods Manifest.lock";
			outputFileListPaths = (
			);
			outputPaths = (
				"$(DERIVED_FILE_DIR)/Pods-WBooks-checkManifestLockResult.txt",
			);
			runOnlyForDeploymentPostprocessing = 0;
			shellPath = /bin/sh;
			shellScript = "diff \"${PODS_PODFILE_DIR_PATH}/Podfile.lock\" \"${PODS_ROOT}/Manifest.lock\" > /dev/null\nif [ $? != 0 ] ; then\n    # print error to STDERR\n    echo \"error: The sandbox is not in sync with the Podfile.lock. Run 'pod install' or update your CocoaPods installation.\" >&2\n    exit 1\nfi\n# This output is used by Xcode 'outputs' to avoid re-running this script phase.\necho \"SUCCESS\" > \"${SCRIPT_OUTPUT_FILE_0}\"\n";
			showEnvVarsInLog = 0;
		};
		487D97DC81A62549C66ABA71 /* [CP] Check Pods Manifest.lock */ = {
			isa = PBXShellScriptBuildPhase;
			buildActionMask = 2147483647;
			files = (
			);
			inputFileListPaths = (
			);
			inputPaths = (
				"${PODS_PODFILE_DIR_PATH}/Podfile.lock",
				"${PODS_ROOT}/Manifest.lock",
			);
			name = "[CP] Check Pods Manifest.lock";
			outputFileListPaths = (
			);
			outputPaths = (
				"$(DERIVED_FILE_DIR)/Pods-WBooksTests-checkManifestLockResult.txt",
			);
			runOnlyForDeploymentPostprocessing = 0;
			shellPath = /bin/sh;
			shellScript = "diff \"${PODS_PODFILE_DIR_PATH}/Podfile.lock\" \"${PODS_ROOT}/Manifest.lock\" > /dev/null\nif [ $? != 0 ] ; then\n    # print error to STDERR\n    echo \"error: The sandbox is not in sync with the Podfile.lock. Run 'pod install' or update your CocoaPods installation.\" >&2\n    exit 1\nfi\n# This output is used by Xcode 'outputs' to avoid re-running this script phase.\necho \"SUCCESS\" > \"${SCRIPT_OUTPUT_FILE_0}\"\n";
			showEnvVarsInLog = 0;
		};
		B4C9488108286211B7CD17F6 /* [CP] Embed Pods Frameworks */ = {
			isa = PBXShellScriptBuildPhase;
			buildActionMask = 2147483647;
			files = (
			);
			inputFileListPaths = (
				"${PODS_ROOT}/Target Support Files/Pods-WBooks/Pods-WBooks-frameworks-${CONFIGURATION}-input-files.xcfilelist",
			);
			name = "[CP] Embed Pods Frameworks";
			outputFileListPaths = (
				"${PODS_ROOT}/Target Support Files/Pods-WBooks/Pods-WBooks-frameworks-${CONFIGURATION}-output-files.xcfilelist",
			);
			runOnlyForDeploymentPostprocessing = 0;
			shellPath = /bin/sh;
			shellScript = "\"${PODS_ROOT}/Target Support Files/Pods-WBooks/Pods-WBooks-frameworks.sh\"\n";
			showEnvVarsInLog = 0;
		};
		B616A68070F466999505CEF2 /* [CP] Embed Pods Frameworks */ = {
			isa = PBXShellScriptBuildPhase;
			buildActionMask = 2147483647;
			files = (
			);
			inputFileListPaths = (
				"${PODS_ROOT}/Target Support Files/Pods-WBooks-WBooksUITests/Pods-WBooks-WBooksUITests-frameworks-${CONFIGURATION}-input-files.xcfilelist",
			);
			name = "[CP] Embed Pods Frameworks";
			outputFileListPaths = (
				"${PODS_ROOT}/Target Support Files/Pods-WBooks-WBooksUITests/Pods-WBooks-WBooksUITests-frameworks-${CONFIGURATION}-output-files.xcfilelist",
			);
			runOnlyForDeploymentPostprocessing = 0;
			shellPath = /bin/sh;
			shellScript = "\"${PODS_ROOT}/Target Support Files/Pods-WBooks-WBooksUITests/Pods-WBooks-WBooksUITests-frameworks.sh\"\n";
			showEnvVarsInLog = 0;
		};
/* End PBXShellScriptBuildPhase section */

/* Begin PBXSourcesBuildPhase section */
		B78175BC2636113700CED79D /* Sources */ = {
			isa = PBXSourcesBuildPhase;
			buildActionMask = 2147483647;
			files = (
				B78175C82636113700CED79D /* ViewController.swift in Sources */,
				B78175C42636113700CED79D /* AppDelegate.swift in Sources */,
				B78175C62636113700CED79D /* SceneDelegate.swift in Sources */,
			);
			runOnlyForDeploymentPostprocessing = 0;
		};
		B78175D22636113B00CED79D /* Sources */ = {
			isa = PBXSourcesBuildPhase;
			buildActionMask = 2147483647;
			files = (
				B78175DB2636113B00CED79D /* WBooksTests.swift in Sources */,
			);
			runOnlyForDeploymentPostprocessing = 0;
		};
		B78175DD2636113B00CED79D /* Sources */ = {
			isa = PBXSourcesBuildPhase;
			buildActionMask = 2147483647;
			files = (
				B78175E62636113B00CED79D /* WBooksUITests.swift in Sources */,
			);
			runOnlyForDeploymentPostprocessing = 0;
		};
/* End PBXSourcesBuildPhase section */

/* Begin PBXTargetDependency section */
		B78175D82636113B00CED79D /* PBXTargetDependency */ = {
			isa = PBXTargetDependency;
			target = B78175BF2636113700CED79D /* WBooks */;
			targetProxy = B78175D72636113B00CED79D /* PBXContainerItemProxy */;
		};
		B78175E32636113B00CED79D /* PBXTargetDependency */ = {
			isa = PBXTargetDependency;
			target = B78175BF2636113700CED79D /* WBooks */;
			targetProxy = B78175E22636113B00CED79D /* PBXContainerItemProxy */;
		};
/* End PBXTargetDependency section */

/* Begin PBXVariantGroup section */
		B78175C92636113700CED79D /* Main.storyboard */ = {
			isa = PBXVariantGroup;
			children = (
				B78175CA2636113700CED79D /* Base */,
			);
			name = Main.storyboard;
			sourceTree = "<group>";
		};
		B78175CE2636113B00CED79D /* LaunchScreen.storyboard */ = {
			isa = PBXVariantGroup;
			children = (
				B78175CF2636113B00CED79D /* Base */,
			);
			name = LaunchScreen.storyboard;
			sourceTree = "<group>";
		};
/* End PBXVariantGroup section */

/* Begin XCBuildConfiguration section */
		B78175E82636113B00CED79D /* Debug */ = {
			isa = XCBuildConfiguration;
			buildSettings = {
				ALWAYS_SEARCH_USER_PATHS = NO;
				CLANG_ANALYZER_NONNULL = YES;
				CLANG_ANALYZER_NUMBER_OBJECT_CONVERSION = YES_AGGRESSIVE;
				CLANG_CXX_LANGUAGE_STANDARD = "gnu++14";
				CLANG_CXX_LIBRARY = "libc++";
				CLANG_ENABLE_MODULES = YES;
				CLANG_ENABLE_OBJC_ARC = YES;
				CLANG_ENABLE_OBJC_WEAK = YES;
				CLANG_WARN_BLOCK_CAPTURE_AUTORELEASING = YES;
				CLANG_WARN_BOOL_CONVERSION = YES;
				CLANG_WARN_COMMA = YES;
				CLANG_WARN_CONSTANT_CONVERSION = YES;
				CLANG_WARN_DEPRECATED_OBJC_IMPLEMENTATIONS = YES;
				CLANG_WARN_DIRECT_OBJC_ISA_USAGE = YES_ERROR;
				CLANG_WARN_DOCUMENTATION_COMMENTS = YES;
				CLANG_WARN_EMPTY_BODY = YES;
				CLANG_WARN_ENUM_CONVERSION = YES;
				CLANG_WARN_INFINITE_RECURSION = YES;
				CLANG_WARN_INT_CONVERSION = YES;
				CLANG_WARN_NON_LITERAL_NULL_CONVERSION = YES;
				CLANG_WARN_OBJC_IMPLICIT_RETAIN_SELF = YES;
				CLANG_WARN_OBJC_LITERAL_CONVERSION = YES;
				CLANG_WARN_OBJC_ROOT_CLASS = YES_ERROR;
				CLANG_WARN_QUOTED_INCLUDE_IN_FRAMEWORK_HEADER = YES;
				CLANG_WARN_RANGE_LOOP_ANALYSIS = YES;
				CLANG_WARN_STRICT_PROTOTYPES = YES;
				CLANG_WARN_SUSPICIOUS_MOVE = YES;
				CLANG_WARN_UNGUARDED_AVAILABILITY = YES_AGGRESSIVE;
				CLANG_WARN_UNREACHABLE_CODE = YES;
				CLANG_WARN__DUPLICATE_METHOD_MATCH = YES;
				COPY_PHASE_STRIP = NO;
				DEBUG_INFORMATION_FORMAT = dwarf;
				ENABLE_STRICT_OBJC_MSGSEND = YES;
				ENABLE_TESTABILITY = YES;
				GCC_C_LANGUAGE_STANDARD = gnu11;
				GCC_DYNAMIC_NO_PIC = NO;
				GCC_NO_COMMON_BLOCKS = YES;
				GCC_OPTIMIZATION_LEVEL = 0;
				GCC_PREPROCESSOR_DEFINITIONS = (
					"DEBUG=1",
					"$(inherited)",
				);
				GCC_WARN_64_TO_32_BIT_CONVERSION = YES;
				GCC_WARN_ABOUT_RETURN_TYPE = YES_ERROR;
				GCC_WARN_UNDECLARED_SELECTOR = YES;
				GCC_WARN_UNINITIALIZED_AUTOS = YES_AGGRESSIVE;
				GCC_WARN_UNUSED_FUNCTION = YES;
				GCC_WARN_UNUSED_VARIABLE = YES;
				IPHONEOS_DEPLOYMENT_TARGET = 14.1;
				MTL_ENABLE_DEBUG_INFO = INCLUDE_SOURCE;
				MTL_FAST_MATH = YES;
				ONLY_ACTIVE_ARCH = YES;
				SDKROOT = iphoneos;
				SWIFT_ACTIVE_COMPILATION_CONDITIONS = DEBUG;
				SWIFT_OPTIMIZATION_LEVEL = "-Onone";
			};
			name = Debug;
		};
		B78175E92636113B00CED79D /* Release */ = {
			isa = XCBuildConfiguration;
			buildSettings = {
				ALWAYS_SEARCH_USER_PATHS = NO;
				CLANG_ANALYZER_NONNULL = YES;
				CLANG_ANALYZER_NUMBER_OBJECT_CONVERSION = YES_AGGRESSIVE;
				CLANG_CXX_LANGUAGE_STANDARD = "gnu++14";
				CLANG_CXX_LIBRARY = "libc++";
				CLANG_ENABLE_MODULES = YES;
				CLANG_ENABLE_OBJC_ARC = YES;
				CLANG_ENABLE_OBJC_WEAK = YES;
				CLANG_WARN_BLOCK_CAPTURE_AUTORELEASING = YES;
				CLANG_WARN_BOOL_CONVERSION = YES;
				CLANG_WARN_COMMA = YES;
				CLANG_WARN_CONSTANT_CONVERSION = YES;
				CLANG_WARN_DEPRECATED_OBJC_IMPLEMENTATIONS = YES;
				CLANG_WARN_DIRECT_OBJC_ISA_USAGE = YES_ERROR;
				CLANG_WARN_DOCUMENTATION_COMMENTS = YES;
				CLANG_WARN_EMPTY_BODY = YES;
				CLANG_WARN_ENUM_CONVERSION = YES;
				CLANG_WARN_INFINITE_RECURSION = YES;
				CLANG_WARN_INT_CONVERSION = YES;
				CLANG_WARN_NON_LITERAL_NULL_CONVERSION = YES;
				CLANG_WARN_OBJC_IMPLICIT_RETAIN_SELF = YES;
				CLANG_WARN_OBJC_LITERAL_CONVERSION = YES;
				CLANG_WARN_OBJC_ROOT_CLASS = YES_ERROR;
				CLANG_WARN_QUOTED_INCLUDE_IN_FRAMEWORK_HEADER = YES;
				CLANG_WARN_RANGE_LOOP_ANALYSIS = YES;
				CLANG_WARN_STRICT_PROTOTYPES = YES;
				CLANG_WARN_SUSPICIOUS_MOVE = YES;
				CLANG_WARN_UNGUARDED_AVAILABILITY = YES_AGGRESSIVE;
				CLANG_WARN_UNREACHABLE_CODE = YES;
				CLANG_WARN__DUPLICATE_METHOD_MATCH = YES;
				COPY_PHASE_STRIP = NO;
				DEBUG_INFORMATION_FORMAT = "dwarf-with-dsym";
				ENABLE_NS_ASSERTIONS = NO;
				ENABLE_STRICT_OBJC_MSGSEND = YES;
				GCC_C_LANGUAGE_STANDARD = gnu11;
				GCC_NO_COMMON_BLOCKS = YES;
				GCC_WARN_64_TO_32_BIT_CONVERSION = YES;
				GCC_WARN_ABOUT_RETURN_TYPE = YES_ERROR;
				GCC_WARN_UNDECLARED_SELECTOR = YES;
				GCC_WARN_UNINITIALIZED_AUTOS = YES_AGGRESSIVE;
				GCC_WARN_UNUSED_FUNCTION = YES;
				GCC_WARN_UNUSED_VARIABLE = YES;
				IPHONEOS_DEPLOYMENT_TARGET = 14.1;
				MTL_ENABLE_DEBUG_INFO = NO;
				MTL_FAST_MATH = YES;
				SDKROOT = iphoneos;
				SWIFT_COMPILATION_MODE = wholemodule;
				SWIFT_OPTIMIZATION_LEVEL = "-O";
				VALIDATE_PRODUCT = YES;
			};
			name = Release;
		};
		B78175EB2636113B00CED79D /* Debug */ = {
			isa = XCBuildConfiguration;
			baseConfigurationReference = 6175FD3437C7FBB1C7F8E031 /* Pods-WBooks.debug.xcconfig */;
			buildSettings = {
				ASSETCATALOG_COMPILER_APPICON_NAME = AppIcon;
				ASSETCATALOG_COMPILER_GLOBAL_ACCENT_COLOR_NAME = AccentColor;
				CODE_SIGN_STYLE = Automatic;
				INFOPLIST_FILE = WBooks/Info.plist;
				LD_RUNPATH_SEARCH_PATHS = (
					"$(inherited)",
					"@executable_path/Frameworks",
				);
				PRODUCT_BUNDLE_IDENTIFIER = DanielCh.WBooks;
				PRODUCT_NAME = "$(TARGET_NAME)";
				SWIFT_VERSION = 5.0;
				TARGETED_DEVICE_FAMILY = "1,2";
			};
			name = Debug;
		};
		B78175EC2636113B00CED79D /* Release */ = {
			isa = XCBuildConfiguration;
			baseConfigurationReference = 63DDB7210C4F487F0CF986FC /* Pods-WBooks.release.xcconfig */;
			buildSettings = {
				ASSETCATALOG_COMPILER_APPICON_NAME = AppIcon;
				ASSETCATALOG_COMPILER_GLOBAL_ACCENT_COLOR_NAME = AccentColor;
				CODE_SIGN_STYLE = Automatic;
				INFOPLIST_FILE = WBooks/Info.plist;
				LD_RUNPATH_SEARCH_PATHS = (
					"$(inherited)",
					"@executable_path/Frameworks",
				);
				PRODUCT_BUNDLE_IDENTIFIER = DanielCh.WBooks;
				PRODUCT_NAME = "$(TARGET_NAME)";
				SWIFT_VERSION = 5.0;
				TARGETED_DEVICE_FAMILY = "1,2";
			};
			name = Release;
		};
		B78175EE2636113B00CED79D /* Debug */ = {
			isa = XCBuildConfiguration;
			baseConfigurationReference = 4E96AE1253227A2E9358E1CC /* Pods-WBooksTests.debug.xcconfig */;
			buildSettings = {
				ALWAYS_EMBED_SWIFT_STANDARD_LIBRARIES = YES;
				BUNDLE_LOADER = "$(TEST_HOST)";
				CODE_SIGN_STYLE = Automatic;
				INFOPLIST_FILE = WBooksTests/Info.plist;
				IPHONEOS_DEPLOYMENT_TARGET = 14.1;
				LD_RUNPATH_SEARCH_PATHS = (
					"$(inherited)",
					"@executable_path/Frameworks",
					"@loader_path/Frameworks",
				);
				PRODUCT_BUNDLE_IDENTIFIER = DanielCh.WBooksTests;
				PRODUCT_NAME = "$(TARGET_NAME)";
				SWIFT_VERSION = 5.0;
				TARGETED_DEVICE_FAMILY = "1,2";
				TEST_HOST = "$(BUILT_PRODUCTS_DIR)/WBooks.app/WBooks";
			};
			name = Debug;
		};
		B78175EF2636113B00CED79D /* Release */ = {
			isa = XCBuildConfiguration;
			baseConfigurationReference = 1210FFE53437F6B7B4ED43E5 /* Pods-WBooksTests.release.xcconfig */;
			buildSettings = {
				ALWAYS_EMBED_SWIFT_STANDARD_LIBRARIES = YES;
				BUNDLE_LOADER = "$(TEST_HOST)";
				CODE_SIGN_STYLE = Automatic;
				INFOPLIST_FILE = WBooksTests/Info.plist;
				IPHONEOS_DEPLOYMENT_TARGET = 14.1;
				LD_RUNPATH_SEARCH_PATHS = (
					"$(inherited)",
					"@executable_path/Frameworks",
					"@loader_path/Frameworks",
				);
				PRODUCT_BUNDLE_IDENTIFIER = DanielCh.WBooksTests;
				PRODUCT_NAME = "$(TARGET_NAME)";
				SWIFT_VERSION = 5.0;
				TARGETED_DEVICE_FAMILY = "1,2";
				TEST_HOST = "$(BUILT_PRODUCTS_DIR)/WBooks.app/WBooks";
			};
			name = Release;
		};
		B78175F12636113B00CED79D /* Debug */ = {
			isa = XCBuildConfiguration;
			baseConfigurationReference = C9546D96B26F7C2CA805A228 /* Pods-WBooks-WBooksUITests.debug.xcconfig */;
			buildSettings = {
				ALWAYS_EMBED_SWIFT_STANDARD_LIBRARIES = YES;
				CODE_SIGN_STYLE = Automatic;
				INFOPLIST_FILE = WBooksUITests/Info.plist;
				LD_RUNPATH_SEARCH_PATHS = (
					"$(inherited)",
					"@executable_path/Frameworks",
					"@loader_path/Frameworks",
				);
				PRODUCT_BUNDLE_IDENTIFIER = DanielCh.WBooksUITests;
				PRODUCT_NAME = "$(TARGET_NAME)";
				SWIFT_VERSION = 5.0;
				TARGETED_DEVICE_FAMILY = "1,2";
				TEST_TARGET_NAME = WBooks;
			};
			name = Debug;
		};
		B78175F22636113B00CED79D /* Release */ = {
			isa = XCBuildConfiguration;
			baseConfigurationReference = 54EEECBF86134D67A3D006CD /* Pods-WBooks-WBooksUITests.release.xcconfig */;
			buildSettings = {
				ALWAYS_EMBED_SWIFT_STANDARD_LIBRARIES = YES;
				CODE_SIGN_STYLE = Automatic;
				INFOPLIST_FILE = WBooksUITests/Info.plist;
				LD_RUNPATH_SEARCH_PATHS = (
					"$(inherited)",
					"@executable_path/Frameworks",
					"@loader_path/Frameworks",
				);
				PRODUCT_BUNDLE_IDENTIFIER = DanielCh.WBooksUITests;
				PRODUCT_NAME = "$(TARGET_NAME)";
				SWIFT_VERSION = 5.0;
				TARGETED_DEVICE_FAMILY = "1,2";
				TEST_TARGET_NAME = WBooks;
			};
			name = Release;
		};
/* End XCBuildConfiguration section */

/* Begin XCConfigurationList section */
		B78175BB2636113700CED79D /* Build configuration list for PBXProject "WBooks" */ = {
			isa = XCConfigurationList;
			buildConfigurations = (
				B78175E82636113B00CED79D /* Debug */,
				B78175E92636113B00CED79D /* Release */,
			);
			defaultConfigurationIsVisible = 0;
			defaultConfigurationName = Release;
		};
		B78175EA2636113B00CED79D /* Build configuration list for PBXNativeTarget "WBooks" */ = {
			isa = XCConfigurationList;
			buildConfigurations = (
				B78175EB2636113B00CED79D /* Debug */,
				B78175EC2636113B00CED79D /* Release */,
			);
			defaultConfigurationIsVisible = 0;
			defaultConfigurationName = Release;
		};
		B78175ED2636113B00CED79D /* Build configuration list for PBXNativeTarget "WBooksTests" */ = {
			isa = XCConfigurationList;
			buildConfigurations = (
				B78175EE2636113B00CED79D /* Debug */,
				B78175EF2636113B00CED79D /* Release */,
			);
			defaultConfigurationIsVisible = 0;
			defaultConfigurationName = Release;
		};
		B78175F02636113B00CED79D /* Build configuration list for PBXNativeTarget "WBooksUITests" */ = {
			isa = XCConfigurationList;
			buildConfigurations = (
				B78175F12636113B00CED79D /* Debug */,
				B78175F22636113B00CED79D /* Release */,
			);
			defaultConfigurationIsVisible = 0;
			defaultConfigurationName = Release;
		};
/* End XCConfigurationList section */
	};
	rootObject = B78175B82636113700CED79D /* Project object */;
}
